
Microsoft Visual Studio Solution File, Format Version 12.00
# Visual Studio Version 17
VisualStudioVersion = 17.10.35013.160
MinimumVisualStudioVersion = 10.0.40219.1
Project("{FAE04EC0-301F-11D3-BF4B-00C04F79EFBC}") = "TechnicalInventoryTwo", "TechnicalInventoryTwo\TechnicalInventoryTwo.csproj", "{CDA68237-8FA9-4CD9-85D0-4C16917A8316}"
EndProject
Global
	GlobalSection(SolutionConfigurationPlatforms) = preSolution
		Debug|Any CPU = Debug|Any CPU
		Release|Any CPU = Release|Any CPU
	EndGlobalSection
	GlobalSection(ProjectConfigurationPlatforms) = postSolution
		{CDA68237-8FA9-4CD9-85D0-4C16917A8316}.Debug|Any CPU.ActiveCfg = Debug|Any CPU
		{CDA68237-8FA9-4CD9-85D0-4C16917A8316}.Debug|Any CPU.Build.0 = Debug|Any CPU
		{CDA68237-8FA9-4CD9-85D0-4C16917A8316}.Release|Any CPU.ActiveCfg = Release|Any CPU
		{CDA68237-8FA9-4CD9-85D0-4C16917A8316}.Release|Any CPU.Build.0 = Release|Any CPU
	EndGlobalSection
	GlobalSection(SolutionProperties) = preSolution
		HideSolutionNode = FALSE
	EndGlobalSection
	GlobalSection(ExtensibilityGlobals) = postSolution
		SolutionGuid = {62938A75-14D5-4C69-9F95-2E234DB4FCC7}
	EndGlobalSection
EndGlobal
